// !$*UTF8*$!
{
	archiveVersion = 1;
	classes = {
	};
	objectVersion = 48;
	objects = {

/* Begin PBXBuildFile section */
		44D8B2172088BC1F0062E808 /* AppDelegate.m in Sources */ = {isa = PBXBuildFile; fileRef = 44D8B2162088BC1F0062E808 /* AppDelegate.m */; };
		44D8B21A2088BC1F0062E808 /* ViewController.m in Sources */ = {isa = PBXBuildFile; fileRef = 44D8B2192088BC1F0062E808 /* ViewController.m */; };
		44D8B21D2088BC1F0062E808 /* Main.storyboard in Resources */ = {isa = PBXBuildFile; fileRef = 44D8B21B2088BC1F0062E808 /* Main.storyboard */; };
		44D8B21F2088BC1F0062E808 /* Assets.xcassets in Resources */ = {isa = PBXBuildFile; fileRef = 44D8B21E2088BC1F0062E808 /* Assets.xcassets */; };
		44D8B2222088BC1F0062E808 /* LaunchScreen.storyboard in Resources */ = {isa = PBXBuildFile; fileRef = 44D8B2202088BC1F0062E808 /* LaunchScreen.storyboard */; };
		44D8B2252088BC1F0062E808 /* main.m in Sources */ = {isa = PBXBuildFile; fileRef = 44D8B2242088BC1F0062E808 /* main.m */; };
		44D8B22F2088BC1F0062E808 /* LMakeAniByLineTests.m in Sources */ = {isa = PBXBuildFile; fileRef = 44D8B22E2088BC1F0062E808 /* LMakeAniByLineTests.m */; };
		44D8B23A2088BC1F0062E808 /* LMakeAniByLineUITests.m in Sources */ = {isa = PBXBuildFile; fileRef = 44D8B2392088BC1F0062E808 /* LMakeAniByLineUITests.m */; };
/* End PBXBuildFile section */

/* Begin PBXContainerItemProxy section */
		44D8B22B2088BC1F0062E808 /* PBXContainerItemProxy */ = {
			isa = PBXContainerItemProxy;
			containerPortal = 44D8B20A2088BC1F0062E808 /* Project object */;
			proxyType = 1;
			remoteGlobalIDString = 44D8B2112088BC1F0062E808;
			remoteInfo = LMakeAniByLine;
		};
		44D8B2362088BC1F0062E808 /* PBXContainerItemProxy */ = {
			isa = PBXContainerItemProxy;
			containerPortal = 44D8B20A2088BC1F0062E808 /* Project object */;
			proxyType = 1;
			remoteGlobalIDString = 44D8B2112088BC1F0062E808;
			remoteInfo = LMakeAniByLine;
		};
/* End PBXContainerItemProxy section */

/* Begin PBXFileReference section */
		44D8B2122088BC1F0062E808 /* LMakeAniByLine.app */ = {isa = PBXFileReference; explicitFileType = wrapper.application; includeInIndex = 0; path = LMakeAniByLine.app; sourceTree = BUILT_PRODUCTS_DIR; };
		44D8B2152088BC1F0062E808 /* AppDelegate.h */ = {isa = PBXFileReference; lastKnownFileType = sourcecode.c.h; path = AppDelegate.h; sourceTree = "<group>"; };
		44D8B2162088BC1F0062E808 /* AppDelegate.m */ = {isa = PBXFileReference; lastKnownFileType = sourcecode.c.objc; path = AppDelegate.m; sourceTree = "<group>"; };
		44D8B2182088BC1F0062E808 /* ViewController.h */ = {isa = PBXFileReference; lastKnownFileType = sourcecode.c.h; path = ViewController.h; sourceTree = "<group>"; };
		44D8B2192088BC1F0062E808 /* ViewController.m */ = {isa = PBXFileReference; lastKnownFileType = sourcecode.c.objc; path = ViewController.m; sourceTree = "<group>"; };
		44D8B21C2088BC1F0062E808 /* Base */ = {isa = PBXFileReference; lastKnownFileType = file.storyboard; name = Base; path = Base.lproj/Main.storyboard; sourceTree = "<group>"; };
		44D8B21E2088BC1F0062E808 /* Assets.xcassets */ = {isa = PBXFileReference; lastKnownFileType = folder.assetcatalog; path = Assets.xcassets; sourceTree = "<group>"; };
		44D8B2212088BC1F0062E808 /* Base */ = {isa = PBXFileReference; lastKnownFileType = file.storyboard; name = Base; path = Base.lproj/LaunchScreen.storyboard; sourceTree = "<group>"; };
		44D8B2232088BC1F0062E808 /* Info.plist */ = {isa = PBXFileReference; lastKnownFileType = text.plist.xml; path = Info.plist; sourceTree = "<group>"; };
		44D8B2242088BC1F0062E808 /* main.m */ = {isa = PBXFileReference; lastKnownFileType = sourcecode.c.objc; path = main.m; sourceTree = "<group>"; };
		44D8B22A2088BC1F0062E808 /* LMakeAniByLineTests.xctest */ = {isa = PBXFileReference; explicitFileType = wrapper.cfbundle; includeInIndex = 0; path = LMakeAniByLineTests.xctest; sourceTree = BUILT_PRODUCTS_DIR; };
		44D8B22E2088BC1F0062E808 /* LMakeAniByLineTests.m */ = {isa = PBXFileReference; lastKnownFileType = sourcecode.c.objc; path = LMakeAniByLineTests.m; sourceTree = "<group>"; };
		44D8B2302088BC1F0062E808 /* Info.plist */ = {isa = PBXFileReference; lastKnownFileType = text.plist.xml; path = Info.plist; sourceTree = "<group>"; };
		44D8B2352088BC1F0062E808 /* LMakeAniByLineUITests.xctest */ = {isa = PBXFileReference; explicitFileType = wrapper.cfbundle; includeInIndex = 0; path = LMakeAniByLineUITests.xctest; sourceTree = BUILT_PRODUCTS_DIR; };
		44D8B2392088BC1F0062E808 /* LMakeAniByLineUITests.m */ = {isa = PBXFileReference; lastKnownFileType = sourcecode.c.objc; path = LMakeAniByLineUITests.m; sourceTree = "<group>"; };
		44D8B23B2088BC1F0062E808 /* Info.plist */ = {isa = PBXFileReference; lastKnownFileType = text.plist.xml; path = Info.plist; sourceTree = "<group>"; };
/* End PBXFileReference section */

/* Begin PBXFrameworksBuildPhase section */
		44D8B20F2088BC1F0062E808 /* Frameworks */ = {
			isa = PBXFrameworksBuildPhase;
			buildActionMask = 2147483647;
			files = (
			);
			runOnlyForDeploymentPostprocessing = 0;
		};
		44D8B2272088BC1F0062E808 /* Frameworks */ = {
			isa = PBXFrameworksBuildPhase;
			buildActionMask = 2147483647;
			files = (
			);
			runOnlyForDeploymentPostprocessing = 0;
		};
		44D8B2322088BC1F0062E808 /* Frameworks */ = {
			isa = PBXFrameworksBuildPhase;
			buildActionMask = 2147483647;
			files = (
			);
			runOnlyForDeploymentPostprocessing = 0;
		};
/* End PBXFrameworksBuildPhase section */

/* Begin PBXGroup section */
		44D8B2092088BC1F0062E808 = {
			isa = PBXGroup;
			children = (
				44D8B2142088BC1F0062E808 /* LMakeAniByLine */,
				44D8B22D2088BC1F0062E808 /* LMakeAniByLineTests */,
				44D8B2382088BC1F0062E808 /* LMakeAniByLineUITests */,
				44D8B2132088BC1F0062E808 /* Products */,
			);
			sourceTree = "<group>";
		};
		44D8B2132088BC1F0062E808 /* Products */ = {
			isa = PBXGroup;
			children = (
				44D8B2122088BC1F0062E808 /* LMakeAniByLine.app */,
				44D8B22A2088BC1F0062E808 /* LMakeAniByLineTests.xctest */,
				44D8B2352088BC1F0062E808 /* LMakeAniByLineUITests.xctest */,
			);
			name = Products;
			sourceTree = "<group>";
		};
		44D8B2142088BC1F0062E808 /* LMakeAniByLine */ = {
			isa = PBXGroup;
			children = (
				44D8B2152088BC1F0062E808 /* AppDelegate.h */,
				44D8B2162088BC1F0062E808 /* AppDelegate.m */,
				44D8B2182088BC1F0062E808 /* ViewController.h */,
				44D8B2192088BC1F0062E808 /* ViewController.m */,
				44D8B21B2088BC1F0062E808 /* Main.storyboard */,
				44D8B21E2088BC1F0062E808 /* Assets.xcassets */,
				44D8B2202088BC1F0062E808 /* LaunchScreen.storyboard */,
				44D8B2232088BC1F0062E808 /* Info.plist */,
				44D8B2242088BC1F0062E808 /* main.m */,
			);
			path = LMakeAniByLine;
			sourceTree = "<group>";
		};
		44D8B22D2088BC1F0062E808 /* LMakeAniByLineTests */ = {
			isa = PBXGroup;
			children = (
				44D8B22E2088BC1F0062E808 /* LMakeAniByLineTests.m */,
				44D8B2302088BC1F0062E808 /* Info.plist */,
			);
			path = LMakeAniByLineTests;
			sourceTree = "<group>";
		};
		44D8B2382088BC1F0062E808 /* LMakeAniByLineUITests */ = {
			isa = PBXGroup;
			children = (
				44D8B2392088BC1F0062E808 /* LMakeAniByLineUITests.m */,
				44D8B23B2088BC1F0062E808 /* Info.plist */,
			);
			path = LMakeAniByLineUITests;
			sourceTree = "<group>";
		};
/* End PBXGroup section */

/* Begin PBXNativeTarget section */
		44D8B2112088BC1F0062E808 /* LMakeAniByLine */ = {
			isa = PBXNativeTarget;
			buildConfigurationList = 44D8B23E2088BC1F0062E808 /* Build configuration list for PBXNativeTarget "LMakeAniByLine" */;
			buildPhases = (
				44D8B20E2088BC1F0062E808 /* Sources */,
				44D8B20F2088BC1F0062E808 /* Frameworks */,
				44D8B2102088BC1F0062E808 /* Resources */,
			);
			buildRules = (
			);
			dependencies = (
			);
			name = LMakeAniByLine;
			productName = LMakeAniByLine;
			productReference = 44D8B2122088BC1F0062E808 /* LMakeAniByLine.app */;
			productType = "com.apple.product-type.application";
		};
		44D8B2292088BC1F0062E808 /* LMakeAniByLineTests */ = {
			isa = PBXNativeTarget;
			buildConfigurationList = 44D8B2412088BC1F0062E808 /* Build configuration list for PBXNativeTarget "LMakeAniByLineTests" */;
			buildPhases = (
				44D8B2262088BC1F0062E808 /* Sources */,
				44D8B2272088BC1F0062E808 /* Frameworks */,
				44D8B2282088BC1F0062E808 /* Resources */,
			);
			buildRules = (
			);
			dependencies = (
				44D8B22C2088BC1F0062E808 /* PBXTargetDependency */,
			);
			name = LMakeAniByLineTests;
			productName = LMakeAniByLineTests;
			productReference = 44D8B22A2088BC1F0062E808 /* LMakeAniByLineTests.xctest */;
			productType = "com.apple.product-type.bundle.unit-test";
		};
		44D8B2342088BC1F0062E808 /* LMakeAniByLineUITests */ = {
			isa = PBXNativeTarget;
			buildConfigurationList = 44D8B2442088BC1F0062E808 /* Build configuration list for PBXNativeTarget "LMakeAniByLineUITests" */;
			buildPhases = (
				44D8B2312088BC1F0062E808 /* Sources */,
				44D8B2322088BC1F0062E808 /* Frameworks */,
				44D8B2332088BC1F0062E808 /* Resources */,
			);
			buildRules = (
			);
			dependencies = (
				44D8B2372088BC1F0062E808 /* PBXTargetDependency */,
			);
			name = LMakeAniByLineUITests;
			productName = LMakeAniByLineUITests;
			productReference = 44D8B2352088BC1F0062E808 /* LMakeAniByLineUITests.xctest */;
			productType = "com.apple.product-type.bundle.ui-testing";
		};
/* End PBXNativeTarget section */

/* Begin PBXProject section */
		44D8B20A2088BC1F0062E808 /* Project object */ = {
			isa = PBXProject;
			attributes = {
				LastUpgradeCheck = 0920;
				ORGANIZATIONNAME = v;
				TargetAttributes = {
					44D8B2112088BC1F0062E808 = {
						CreatedOnToolsVersion = 9.2;
						ProvisioningStyle = Automatic;
					};
					44D8B2292088BC1F0062E808 = {
						CreatedOnToolsVersion = 9.2;
						ProvisioningStyle = Automatic;
						TestTargetID = 44D8B2112088BC1F0062E808;
					};
					44D8B2342088BC1F0062E808 = {
						CreatedOnToolsVersion = 9.2;
						ProvisioningStyle = Automatic;
						TestTargetID = 44D8B2112088BC1F0062E808;
					};
				};
			};
			buildConfigurationList = 44D8B20D2088BC1F0062E808 /* Build configuration list for PBXProject "LMakeAniByLine" */;
			compatibilityVersion = "Xcode 8.0";
			developmentRegion = en;
			hasScannedForEncodings = 0;
			knownRegions = (
				en,
				Base,
			);
			mainGroup = 44D8B2092088BC1F0062E808;
			productRefGroup = 44D8B2132088BC1F0062E808 /* Products */;
			projectDirPath = "";
			projectRoot = "";
			targets = (
				44D8B2112088BC1F0062E808 /* LMakeAniByLine */,
				44D8B2292088BC1F0062E808 /* LMakeAniByLineTests */,
				44D8B2342088BC1F0062E808 /* LMakeAniByLineUITests */,
			);
		};
/* End PBXProject section */

/* Begin PBXResourcesBuildPhase section */
		44D8B2102088BC1F0062E808 /* Resources */ = {
			isa = PBXResourcesBuildPhase;
			buildActionMask = 2147483647;
			files = (
				44D8B2222088BC1F0062E808 /* LaunchScreen.storyboard in Resources */,
				44D8B21F2088BC1F0062E808 /* Assets.xcassets in Resources */,
				44D8B21D2088BC1F0062E808 /* Main.storyboard in Resources */,
			);
			runOnlyForDeploymentPostprocessing = 0;
		};
		44D8B2282088BC1F0062E808 /* Resources */ = {
			isa = PBXResourcesBuildPhase;
			buildActionMask = 2147483647;
			files = (
			);
			runOnlyForDeploymentPostprocessing = 0;
		};
		44D8B2332088BC1F0062E808 /* Resources */ = {
			isa = PBXResourcesBuildPhase;
			buildActionMask = 2147483647;
			files = (
			);
			runOnlyForDeploymentPostprocessing = 0;
		};
/* End PBXResourcesBuildPhase section */

/* Begin PBXSourcesBuildPhase section */
		44D8B20E2088BC1F0062E808 /* Sources */ = {
			isa = PBXSourcesBuildPhase;
			buildActionMask = 2147483647;
			files = (
				44D8B21A2088BC1F0062E808 /* ViewController.m in Sources */,
				44D8B2252088BC1F0062E808 /* main.m in Sources */,
				44D8B2172088BC1F0062E808 /* AppDelegate.m in Sources */,
			);
			runOnlyForDeploymentPostprocessing = 0;
		};
		44D8B2262088BC1F0062E808 /* Sources */ = {
			isa = PBXSourcesBuildPhase;
			buildActionMask = 2147483647;
			files = (
				44D8B22F2088BC1F0062E808 /* LMakeAniByLineTests.m in Sources */,
			);
			runOnlyForDeploymentPostprocessing = 0;
		};
		44D8B2312088BC1F0062E808 /* Sources */ = {
			isa = PBXSourcesBuildPhase;
			buildActionMask = 2147483647;
			files = (
				44D8B23A2088BC1F0062E808 /* LMakeAniByLineUITests.m in Sources */,
			);
			runOnlyForDeploymentPostprocessing = 0;
		};
/* End PBXSourcesBuildPhase section */

/* Begin PBXTargetDependency section */
		44D8B22C2088BC1F0062E808 /* PBXTargetDependency */ = {
			isa = PBXTargetDependency;
			target = 44D8B2112088BC1F0062E808 /* LMakeAniByLine */;
			targetProxy = 44D8B22B2088BC1F0062E808 /* PBXContainerItemProxy */;
		};
		44D8B2372088BC1F0062E808 /* PBXTargetDependency */ = {
			isa = PBXTargetDependency;
			target = 44D8B2112088BC1F0062E808 /* LMakeAniByLine */;
			targetProxy = 44D8B2362088BC1F0062E808 /* PBXContainerItemProxy */;
		};
/* End PBXTargetDependency section */

/* Begin PBXVariantGroup section */
		44D8B21B2088BC1F0062E808 /* Main.storyboard */ = {
			isa = PBXVariantGroup;
			children = (
				44D8B21C2088BC1F0062E808 /* Base */,
			);
			name = Main.storyboard;
			sourceTree = "<group>";
		};
		44D8B2202088BC1F0062E808 /* LaunchScreen.storyboard */ = {
			isa = PBXVariantGroup;
			children = (
				44D8B2212088BC1F0062E808 /* Base */,
			);
			name = LaunchScreen.storyboard;
			sourceTree = "<group>";
		};
/* End PBXVariantGroup section */

/* Begin XCBuildConfiguration section */
		44D8B23C2088BC1F0062E808 /* Debug */ = {
			isa = XCBuildConfiguration;
			buildSettings = {
				ALWAYS_SEARCH_USER_PATHS = NO;
				CLANG_ANALYZER_NONNULL = YES;
				CLANG_ANALYZER_NUMBER_OBJECT_CONVERSION = YES_AGGRESSIVE;
				CLANG_CXX_LANGUAGE_STANDARD = "gnu++14";
				CLANG_CXX_LIBRARY = "libc++";
				CLANG_ENABLE_MODULES = YES;
				CLANG_ENABLE_OBJC_ARC = YES;
				CLANG_WARN_BLOCK_CAPTURE_AUTORELEASING = YES;
				CLANG_WARN_BOOL_CONVERSION = YES;
				CLANG_WARN_COMMA = YES;
				CLANG_WARN_CONSTANT_CONVERSION = YES;
				CLANG_WARN_DIRECT_OBJC_ISA_USAGE = YES_ERROR;
				CLANG_WARN_DOCUMENTATION_COMMENTS = YES;
				CLANG_WARN_EMPTY_BODY = YES;
				CLANG_WARN_ENUM_CONVERSION = YES;
				CLANG_WARN_INFINITE_RECURSION = YES;
				CLANG_WARN_INT_CONVERSION = YES;
				CLANG_WARN_NON_LITERAL_NULL_CONVERSION = YES;
				CLANG_WARN_OBJC_LITERAL_CONVERSION = YES;
				CLANG_WARN_OBJC_ROOT_CLASS = YES_ERROR;
				CLANG_WARN_RANGE_LOOP_ANALYSIS = YES;
				CLANG_WARN_STRICT_PROTOTYPES = YES;
				CLANG_WARN_SUSPICIOUS_MOVE = YES;
				CLANG_WARN_UNGUARDED_AVAILABILITY = YES_AGGRESSIVE;
				CLANG_WARN_UNREACHABLE_CODE = YES;
				CLANG_WARN__DUPLICATE_METHOD_MATCH = YES;
				CODE_SIGN_IDENTITY = "iPhone Developer";
				COPY_PHASE_STRIP = NO;
				DEBUG_INFORMATION_FORMAT = dwarf;
				ENABLE_STRICT_OBJC_MSGSEND = YES;
				ENABLE_TESTABILITY = YES;
				GCC_C_LANGUAGE_STANDARD = gnu11;
				GCC_DYNAMIC_NO_PIC = NO;
				GCC_NO_COMMON_BLOCKS = YES;
				GCC_OPTIMIZATION_LEVEL = 0;
				GCC_PREPROCESSOR_DEFINITIONS = (
					"DEBUG=1",
					"$(inherited)",
				);
				GCC_WARN_64_TO_32_BIT_CONVERSION = YES;
				GCC_WARN_ABOUT_RETURN_TYPE = YES_ERROR;
				GCC_WARN_UNDECLARED_SELECTOR = YES;
				GCC_WARN_UNINITIALIZED_AUTOS = YES_AGGRESSIVE;
				GCC_WARN_UNUSED_FUNCTION = YES;
				GCC_WARN_UNUSED_VARIABLE = YES;
				IPHONEOS_DEPLOYMENT_TARGET = 11.2;
				MTL_ENABLE_DEBUG_INFO = YES;
				ONLY_ACTIVE_ARCH = YES;
				SDKROOT = iphoneos;
			};
			name = Debug;
		};
		44D8B23D2088BC1F0062E808 /* Release */ = {
			isa = XCBuildConfiguration;
			buildSettings = {
				ALWAYS_SEARCH_USER_PATHS = NO;
				CLANG_ANALYZER_NONNULL = YES;
				CLANG_ANALYZER_NUMBER_OBJECT_CONVERSION = YES_AGGRESSIVE;
				CLANG_CXX_LANGUAGE_STANDARD = "gnu++14";
				CLANG_CXX_LIBRARY = "libc++";
				CLANG_ENABLE_MODULES = YES;
				CLANG_ENABLE_OBJC_ARC = YES;
				CLANG_WARN_BLOCK_CAPTURE_AUTORELEASING = YES;
				CLANG_WARN_BOOL_CONVERSION = YES;
				CLANG_WARN_COMMA = YES;
				CLANG_WARN_CONSTANT_CONVERSION = YES;
				CLANG_WARN_DIRECT_OBJC_ISA_USAGE = YES_ERROR;
				CLANG_WARN_DOCUMENTATION_COMMENTS = YES;
				CLANG_WARN_EMPTY_BODY = YES;
				CLANG_WARN_ENUM_CONVERSION = YES;
				CLANG_WARN_INFINITE_RECURSION = YES;
				CLANG_WARN_INT_CONVERSION = YES;
				CLANG_WARN_NON_LITERAL_NULL_CONVERSION = YES;
				CLANG_WARN_OBJC_LITERAL_CONVERSION = YES;
				CLANG_WARN_OBJC_ROOT_CLASS = YES_ERROR;
				CLANG_WARN_RANGE_LOOP_ANALYSIS = YES;
				CLANG_WARN_STRICT_PROTOTYPES = YES;
				CLANG_WARN_SUSPICIOUS_MOVE = YES;
				CLANG_WARN_UNGUARDED_AVAILABILITY = YES_AGGRESSIVE;
				CLANG_WARN_UNREACHABLE_CODE = YES;
				CLANG_WARN__DUPLICATE_METHOD_MATCH = YES;
				CODE_SIGN_IDENTITY = "iPhone Developer";
				COPY_PHASE_STRIP = NO;
				DEBUG_INFORMATION_FORMAT = "dwarf-with-dsym";
				ENABLE_NS_ASSERTIONS = NO;
				ENABLE_STRICT_OBJC_MSGSEND = YES;
				GCC_C_LANGUAGE_STANDARD = gnu11;
				GCC_NO_COMMON_BLOCKS = YES;
				GCC_WARN_64_TO_32_BIT_CONVERSION = YES;
				GCC_WARN_ABOUT_RETURN_TYPE = YES_ERROR;
				GCC_WARN_UNDECLARED_SELECTOR = YES;
				GCC_WARN_UNINITIALIZED_AUTOS = YES_AGGRESSIVE;
				GCC_WARN_UNUSED_FUNCTION = YES;
				GCC_WARN_UNUSED_VARIABLE = YES;
				IPHONEOS_DEPLOYMENT_TARGET = 11.2;
				MTL_ENABLE_DEBUG_INFO = NO;
				SDKROOT = iphoneos;
				VALIDATE_PRODUCT = YES;
			};
			name = Release;
		};
		44D8B23F2088BC1F0062E808 /* Debug */ = {
			isa = XCBuildConfiguration;
			buildSettings = {
				ASSETCATALOG_COMPILER_APPICON_NAME = AppIcon;
				CODE_SIGN_STYLE = Automatic;
				DEVELOPMENT_TEAM = 3UWU86R75P;
				INFOPLIST_FILE = LMakeAniByLine/Info.plist;
				LD_RUNPATH_SEARCH_PATHS = "$(inherited) @executable_path/Frameworks";
				PRODUCT_BUNDLE_IDENTIFIER = v.LMakeAniByLine;
				PRODUCT_NAME = "$(TARGET_NAME)";
				TARGETED_DEVICE_FAMILY = "1,2";
			};
			name = Debug;
		};
		44D8B2402088BC1F0062E808 /* Release */ = {
			isa = XCBuildConfiguration;
			buildSettings = {
				ASSETCATALOG_COMPILER_APPICON_NAME = AppIcon;
				CODE_SIGN_STYLE = Automatic;
				DEVELOPMENT_TEAM = 3UWU86R75P;
				INFOPLIST_FILE = LMakeAniByLine/Info.plist;
				LD_RUNPATH_SEARCH_PATHS = "$(inherited) @executable_path/Frameworks";
				PRODUCT_BUNDLE_IDENTIFIER = v.LMakeAniByLine;
				PRODUCT_NAME = "$(TARGET_NAME)";
				TARGETED_DEVICE_FAMILY = "1,2";
			};
			name = Release;
		};
		44D8B2422088BC1F0062E808 /* Debug */ = {
			isa = XCBuildConfiguration;
			buildSettings = {
				BUNDLE_LOADER = "$(TEST_HOST)";
				CODE_SIGN_STYLE = Automatic;
				DEVELOPMENT_TEAM = 3UWU86R75P;
				INFOPLIST_FILE = LMakeAniByLineTests/Info.plist;
				LD_RUNPATH_SEARCH_PATHS = "$(inherited) @executable_path/Frameworks @loader_path/Frameworks";
				PRODUCT_BUNDLE_IDENTIFIER = v.LMakeAniByLineTests;
				PRODUCT_NAME = "$(TARGET_NAME)";
				TARGETED_DEVICE_FAMILY = "1,2";
				TEST_HOST = "$(BUILT_PRODUCTS_DIR)/LMakeAniByLine.app/LMakeAniByLine";
			};
			name = Debug;
		};
		44D8B2432088BC1F0062E808 /* Release */ = {
			isa = XCBuildConfiguration;
			buildSettings = {
				BUNDLE_LOADER = "$(TEST_HOST)";
				CODE_SIGN_STYLE = Automatic;
				DEVELOPMENT_TEAM = 3UWU86R75P;
				INFOPLIST_FILE = LMakeAniByLineTests/Info.plist;
				LD_RUNPATH_SEARCH_PATHS = "$(inherited) @executable_path/Frameworks @loader_path/Frameworks";
				PRODUCT_BUNDLE_IDENTIFIER = v.LMakeAniByLineTests;
				PRODUCT_NAME = "$(TARGET_NAME)";
				TARGETED_DEVICE_FAMILY = "1,2";
				TEST_HOST = "$(BUILT_PRODUCTS_DIR)/LMakeAniByLine.app/LMakeAniByLine";
			};
			name = Release;
		};
		44D8B2452088BC1F0062E808 /* Debug */ = {
			isa = XCBuildConfiguration;
			buildSettings = {
				CODE_SIGN_STYLE = Automatic;
				DEVELOPMENT_TEAM = 3UWU86R75P;
				INFOPLIST_FILE = LMakeAniByLineUITests/Info.plist;
				LD_RUNPATH_SEARCH_PATHS = "$(inherited) @executable_path/Frameworks @loader_path/Frameworks";
				PRODUCT_BUNDLE_IDENTIFIER = v.LMakeAniByLineUITests;
				PRODUCT_NAME = "$(TARGET_NAME)";
				TARGETED_DEVICE_FAMILY = "1,2";
				TEST_TARGET_NAME = LMakeAniByLine;
			};
			name = Debug;
		};
		44D8B2462088BC1F0062E808 /* Release */ = {
			isa = XCBuildConfiguration;
			buildSettings = {
				CODE_SIGN_STYLE = Automatic;
				DEVELOPMENT_TEAM = 3UWU86R75P;
				INFOPLIST_FILE = LMakeAniByLineUITests/Info.plist;
				LD_RUNPATH_SEARCH_PATHS = "$(inherited) @executable_path/Frameworks @loader_path/Frameworks";
				PRODUCT_BUNDLE_IDENTIFIER = v.LMakeAniByLineUITests;
				PRODUCT_NAME = "$(TARGET_NAME)";
				TARGETED_DEVICE_FAMILY = "1,2";
				TEST_TARGET_NAME = LMakeAniByLine;
			};
			name = Release;
		};
/* End XCBuildConfiguration section */

/* Begin XCConfigurationList section */
		44D8B20D2088BC1F0062E808 /* Build configuration list for PBXProject "LMakeAniByLine" */ = {
			isa = XCConfigurationList;
			buildConfigurations = (
				44D8B23C2088BC1F0062E808 /* Debug */,
				44D8B23D2088BC1F0062E808 /* Release */,
			);
			defaultConfigurationIsVisible = 0;
			defaultConfigurationName = Release;
		};
		44D8B23E2088BC1F0062E808 /* Build configuration list for PBXNativeTarget "LMakeAniByLine" */ = {
			isa = XCConfigurationList;
			buildConfigurations = (
				44D8B23F2088BC1F0062E808 /* Debug */,
				44D8B2402088BC1F0062E808 /* Release */,
			);
			defaultConfigurationIsVisible = 0;
			defaultConfigurationName = Release;
		};
		44D8B2412088BC1F0062E808 /* Build configuration list for PBXNativeTarget "LMakeAniByLineTests" */ = {
			isa = XCConfigurationList;
			buildConfigurations = (
				44D8B2422088BC1F0062E808 /* Debug */,
				44D8B2432088BC1F0062E808 /* Release */,
			);
			defaultConfigurationIsVisible = 0;
			defaultConfigurationName = Release;
		};
		44D8B2442088BC1F0062E808 /* Build configuration list for PBXNativeTarget "LMakeAniByLineUITests" */ = {
			isa = XCConfigurationList;
			buildConfigurations = (
				44D8B2452088BC1F0062E808 /* Debug */,
				44D8B2462088BC1F0062E808 /* Release */,
			);
			defaultConfigurationIsVisible = 0;
			defaultConfigurationName = Release;
		};
/* End XCConfigurationList section */
	};
	rootObject = 44D8B20A2088BC1F0062E808 /* Project object */;
}
